// !$*UTF8*$!
{
	archiveVersion = 1;
	classes = {
	};
	objectVersion = 56;
	objects = {

/* Begin PBXBuildFile section */
		93342A732BB2E76F006499DA /* AlcoholicApp.swift in Sources */ = {isa = PBXBuildFile; fileRef = 93342A722BB2E76F006499DA /* AlcoholicApp.swift */; };
		93342A752BB2E76F006499DA /* Persistence.swift in Sources */ = {isa = PBXBuildFile; fileRef = 93342A742BB2E76F006499DA /* Persistence.swift */; };
		93342A782BB2E76F006499DA /* Alcoholic.xcdatamodeld in Sources */ = {isa = PBXBuildFile; fileRef = 93342A762BB2E76F006499DA /* Alcoholic.xcdatamodeld */; };
		93342A7A2BB2E76F006499DA /* ContentView.swift in Sources */ = {isa = PBXBuildFile; fileRef = 93342A792BB2E76F006499DA /* ContentView.swift */; };
		93342A7C2BB2E770006499DA /* Assets.xcassets in Resources */ = {isa = PBXBuildFile; fileRef = 93342A7B2BB2E770006499DA /* Assets.xcassets */; };
		93342A802BB2E770006499DA /* Preview Assets.xcassets in Resources */ = {isa = PBXBuildFile; fileRef = 93342A7F2BB2E770006499DA /* Preview Assets.xcassets */; };
		93342A8A2BB2E770006499DA /* AlcoholicTests.swift in Sources */ = {isa = PBXBuildFile; fileRef = 93342A892BB2E770006499DA /* AlcoholicTests.swift */; };
		93342A942BB2E770006499DA /* AlcoholicUITests.swift in Sources */ = {isa = PBXBuildFile; fileRef = 93342A932BB2E770006499DA /* AlcoholicUITests.swift */; };
		93342A962BB2E770006499DA /* AlcoholicUITestsLaunchTests.swift in Sources */ = {isa = PBXBuildFile; fileRef = 93342A952BB2E770006499DA /* AlcoholicUITestsLaunchTests.swift */; };
/* End PBXBuildFile section */

/* Begin PBXContainerItemProxy section */
		93342A862BB2E770006499DA /* PBXContainerItemProxy */ = {
			isa = PBXContainerItemProxy;
			containerPortal = 93342A672BB2E76F006499DA /* Project object */;
			proxyType = 1;
			remoteGlobalIDString = 93342A6E2BB2E76F006499DA;
			remoteInfo = Alcoholic;
		};
		93342A902BB2E770006499DA /* PBXContainerItemProxy */ = {
			isa = PBXContainerItemProxy;
			containerPortal = 93342A672BB2E76F006499DA /* Project object */;
			proxyType = 1;
			remoteGlobalIDString = 93342A6E2BB2E76F006499DA;
			remoteInfo = Alcoholic;
		};
/* End PBXContainerItemProxy section */

/* Begin PBXFileReference section */
		93342A6F2BB2E76F006499DA /* Alcoholic.app */ = {isa = PBXFileReference; explicitFileType = wrapper.application; includeInIndex = 0; path = Alcoholic.app; sourceTree = BUILT_PRODUCTS_DIR; };
		93342A722BB2E76F006499DA /* AlcoholicApp.swift */ = {isa = PBXFileReference; lastKnownFileType = sourcecode.swift; path = AlcoholicApp.swift; sourceTree = "<group>"; };
		93342A742BB2E76F006499DA /* Persistence.swift */ = {isa = PBXFileReference; lastKnownFileType = sourcecode.swift; path = Persistence.swift; sourceTree = "<group>"; };
		93342A772BB2E76F006499DA /* Alcoholic.xcdatamodel */ = {isa = PBXFileReference; lastKnownFileType = wrapper.xcdatamodel; path = Alcoholic.xcdatamodel; sourceTree = "<group>"; };
		93342A792BB2E76F006499DA /* ContentView.swift */ = {isa = PBXFileReference; lastKnownFileType = sourcecode.swift; path = ContentView.swift; sourceTree = "<group>"; };
		93342A7B2BB2E770006499DA /* Assets.xcassets */ = {isa = PBXFileReference; lastKnownFileType = folder.assetcatalog; path = Assets.xcassets; sourceTree = "<group>"; };
		93342A7D2BB2E770006499DA /* Alcoholic.entitlements */ = {isa = PBXFileReference; lastKnownFileType = text.plist.entitlements; path = Alcoholic.entitlements; sourceTree = "<group>"; };
		93342A7F2BB2E770006499DA /* Preview Assets.xcassets */ = {isa = PBXFileReference; lastKnownFileType = folder.assetcatalog; path = "Preview Assets.xcassets"; sourceTree = "<group>"; };
		93342A852BB2E770006499DA /* AlcoholicTests.xctest */ = {isa = PBXFileReference; explicitFileType = wrapper.cfbundle; includeInIndex = 0; path = AlcoholicTests.xctest; sourceTree = BUILT_PRODUCTS_DIR; };
		93342A892BB2E770006499DA /* AlcoholicTests.swift */ = {isa = PBXFileReference; lastKnownFileType = sourcecode.swift; path = AlcoholicTests.swift; sourceTree = "<group>"; };
		93342A8F2BB2E770006499DA /* AlcoholicUITests.xctest */ = {isa = PBXFileReference; explicitFileType = wrapper.cfbundle; includeInIndex = 0; path = AlcoholicUITests.xctest; sourceTree = BUILT_PRODUCTS_DIR; };
		93342A932BB2E770006499DA /* AlcoholicUITests.swift */ = {isa = PBXFileReference; lastKnownFileType = sourcecode.swift; path = AlcoholicUITests.swift; sourceTree = "<group>"; };
		93342A952BB2E770006499DA /* AlcoholicUITestsLaunchTests.swift */ = {isa = PBXFileReference; lastKnownFileType = sourcecode.swift; path = AlcoholicUITestsLaunchTests.swift; sourceTree = "<group>"; };
/* End PBXFileReference section */

/* Begin PBXFrameworksBuildPhase section */
		93342A6C2BB2E76F006499DA /* Frameworks */ = {
			isa = PBXFrameworksBuildPhase;
			buildActionMask = 2147483647;
			files = (
			);
			runOnlyForDeploymentPostprocessing = 0;
		};
		93342A822BB2E770006499DA /* Frameworks */ = {
			isa = PBXFrameworksBuildPhase;
			buildActionMask = 2147483647;
			files = (
			);
			runOnlyForDeploymentPostprocessing = 0;
		};
		93342A8C2BB2E770006499DA /* Frameworks */ = {
			isa = PBXFrameworksBuildPhase;
			buildActionMask = 2147483647;
			files = (
			);
			runOnlyForDeploymentPostprocessing = 0;
		};
/* End PBXFrameworksBuildPhase section */

/* Begin PBXGroup section */
		93342A662BB2E76F006499DA = {
			isa = PBXGroup;
			children = (
				93342A712BB2E76F006499DA /* Alcoholic */,
				93342A882BB2E770006499DA /* AlcoholicTests */,
				93342A922BB2E770006499DA /* AlcoholicUITests */,
				93342A702BB2E76F006499DA /* Products */,
			);
			sourceTree = "<group>";
		};
		93342A702BB2E76F006499DA /* Products */ = {
			isa = PBXGroup;
			children = (
				93342A6F2BB2E76F006499DA /* Alcoholic.app */,
				93342A852BB2E770006499DA /* AlcoholicTests.xctest */,
				93342A8F2BB2E770006499DA /* AlcoholicUITests.xctest */,
			);
			name = Products;
			sourceTree = "<group>";
		};
		93342A712BB2E76F006499DA /* Alcoholic */ = {
			isa = PBXGroup;
			children = (
				93342A722BB2E76F006499DA /* AlcoholicApp.swift */,
				93342A742BB2E76F006499DA /* Persistence.swift */,
				93342A792BB2E76F006499DA /* ContentView.swift */,
				93342A7B2BB2E770006499DA /* Assets.xcassets */,
				93342A7D2BB2E770006499DA /* Alcoholic.entitlements */,
				93342A762BB2E76F006499DA /* Alcoholic.xcdatamodeld */,
				93342A7E2BB2E770006499DA /* Preview Content */,
			);
			path = Alcoholic;
			sourceTree = "<group>";
		};
		93342A7E2BB2E770006499DA /* Preview Content */ = {
			isa = PBXGroup;
			children = (
				93342A7F2BB2E770006499DA /* Preview Assets.xcassets */,
			);
			path = "Preview Content";
			sourceTree = "<group>";
		};
		93342A882BB2E770006499DA /* AlcoholicTests */ = {
			isa = PBXGroup;
			children = (
				93342A892BB2E770006499DA /* AlcoholicTests.swift */,
			);
			path = AlcoholicTests;
			sourceTree = "<group>";
		};
		93342A922BB2E770006499DA /* AlcoholicUITests */ = {
			isa = PBXGroup;
			children = (
				93342A932BB2E770006499DA /* AlcoholicUITests.swift */,
				93342A952BB2E770006499DA /* AlcoholicUITestsLaunchTests.swift */,
			);
			path = AlcoholicUITests;
			sourceTree = "<group>";
		};
/* End PBXGroup section */

/* Begin PBXNativeTarget section */
		93342A6E2BB2E76F006499DA /* Alcoholic */ = {
			isa = PBXNativeTarget;
			buildConfigurationList = 93342A992BB2E770006499DA /* Build configuration list for PBXNativeTarget "Alcoholic" */;
			buildPhases = (
				93342A6B2BB2E76F006499DA /* Sources */,
				93342A6C2BB2E76F006499DA /* Frameworks */,
				93342A6D2BB2E76F006499DA /* Resources */,
			);
			buildRules = (
			);
			dependencies = (
			);
			name = Alcoholic;
			productName = Alcoholic;
			productReference = 93342A6F2BB2E76F006499DA /* Alcoholic.app */;
			productType = "com.apple.product-type.application";
		};
		93342A842BB2E770006499DA /* AlcoholicTests */ = {
			isa = PBXNativeTarget;
			buildConfigurationList = 93342A9C2BB2E770006499DA /* Build configuration list for PBXNativeTarget "AlcoholicTests" */;
			buildPhases = (
				93342A812BB2E770006499DA /* Sources */,
				93342A822BB2E770006499DA /* Frameworks */,
				93342A832BB2E770006499DA /* Resources */,
			);
			buildRules = (
			);
			dependencies = (
				93342A872BB2E770006499DA /* PBXTargetDependency */,
			);
			name = AlcoholicTests;
			productName = AlcoholicTests;
			productReference = 93342A852BB2E770006499DA /* AlcoholicTests.xctest */;
			productType = "com.apple.product-type.bundle.unit-test";
		};
		93342A8E2BB2E770006499DA /* AlcoholicUITests */ = {
			isa = PBXNativeTarget;
			buildConfigurationList = 93342A9F2BB2E770006499DA /* Build configuration list for PBXNativeTarget "AlcoholicUITests" */;
			buildPhases = (
				93342A8B2BB2E770006499DA /* Sources */,
				93342A8C2BB2E770006499DA /* Frameworks */,
				93342A8D2BB2E770006499DA /* Resources */,
			);
			buildRules = (
			);
			dependencies = (
				93342A912BB2E770006499DA /* PBXTargetDependency */,
			);
			name = AlcoholicUITests;
			productName = AlcoholicUITests;
			productReference = 93342A8F2BB2E770006499DA /* AlcoholicUITests.xctest */;
			productType = "com.apple.product-type.bundle.ui-testing";
		};
/* End PBXNativeTarget section */

/* Begin PBXProject section */
		93342A672BB2E76F006499DA /* Project object */ = {
			isa = PBXProject;
			attributes = {
				BuildIndependentTargetsInParallel = 1;
				LastSwiftUpdateCheck = 1500;
				LastUpgradeCheck = 1500;
				TargetAttributes = {
					93342A6E2BB2E76F006499DA = {
						CreatedOnToolsVersion = 15.0.1;
					};
					93342A842BB2E770006499DA = {
						CreatedOnToolsVersion = 15.0.1;
						TestTargetID = 93342A6E2BB2E76F006499DA;
					};
					93342A8E2BB2E770006499DA = {
						CreatedOnToolsVersion = 15.0.1;
						TestTargetID = 93342A6E2BB2E76F006499DA;
					};
				};
			};
			buildConfigurationList = 93342A6A2BB2E76F006499DA /* Build configuration list for PBXProject "Alcoholic" */;
			compatibilityVersion = "Xcode 14.0";
			developmentRegion = en;
			hasScannedForEncodings = 0;
			knownRegions = (
				en,
				Base,
			);
			mainGroup = 93342A662BB2E76F006499DA;
			productRefGroup = 93342A702BB2E76F006499DA /* Products */;
			projectDirPath = "";
			projectRoot = "";
			targets = (
				93342A6E2BB2E76F006499DA /* Alcoholic */,
				93342A842BB2E770006499DA /* AlcoholicTests */,
				93342A8E2BB2E770006499DA /* AlcoholicUITests */,
			);
		};
/* End PBXProject section */

/* Begin PBXResourcesBuildPhase section */
		93342A6D2BB2E76F006499DA /* Resources */ = {
			isa = PBXResourcesBuildPhase;
			buildActionMask = 2147483647;
			files = (
				93342A802BB2E770006499DA /* Preview Assets.xcassets in Resources */,
				93342A7C2BB2E770006499DA /* Assets.xcassets in Resources */,
			);
			runOnlyForDeploymentPostprocessing = 0;
		};
		93342A832BB2E770006499DA /* Resources */ = {
			isa = PBXResourcesBuildPhase;
			buildActionMask = 2147483647;
			files = (
			);
			runOnlyForDeploymentPostprocessing = 0;
		};
		93342A8D2BB2E770006499DA /* Resources */ = {
			isa = PBXResourcesBuildPhase;
			buildActionMask = 2147483647;
			files = (
			);
			runOnlyForDeploymentPostprocessing = 0;
		};
/* End PBXResourcesBuildPhase section */

/* Begin PBXSourcesBuildPhase section */
		93342A6B2BB2E76F006499DA /* Sources */ = {
			isa = PBXSourcesBuildPhase;
			buildActionMask = 2147483647;
			files = (
				93342A732BB2E76F006499DA /* AlcoholicApp.swift in Sources */,
				93342A752BB2E76F006499DA /* Persistence.swift in Sources */,
				93342A7A2BB2E76F006499DA /* ContentView.swift in Sources */,
				93342A782BB2E76F006499DA /* Alcoholic.xcdatamodeld in Sources */,
			);
			runOnlyForDeploymentPostprocessing = 0;
		};
		93342A812BB2E770006499DA /* Sources */ = {
			isa = PBXSourcesBuildPhase;
			buildActionMask = 2147483647;
			files = (
				93342A8A2BB2E770006499DA /* AlcoholicTests.swift in Sources */,
			);
			runOnlyForDeploymentPostprocessing = 0;
		};
		93342A8B2BB2E770006499DA /* Sources */ = {
			isa = PBXSourcesBuildPhase;
			buildActionMask = 2147483647;
			files = (
				93342A942BB2E770006499DA /* AlcoholicUITests.swift in Sources */,
				93342A962BB2E770006499DA /* AlcoholicUITestsLaunchTests.swift in Sources */,
			);
			runOnlyForDeploymentPostprocessing = 0;
		};
/* End PBXSourcesBuildPhase section */

/* Begin PBXTargetDependency section */
		93342A872BB2E770006499DA /* PBXTargetDependency */ = {
			isa = PBXTargetDependency;
			target = 93342A6E2BB2E76F006499DA /* Alcoholic */;
			targetProxy = 93342A862BB2E770006499DA /* PBXContainerItemProxy */;
		};
		93342A912BB2E770006499DA /* PBXTargetDependency */ = {
			isa = PBXTargetDependency;
			target = 93342A6E2BB2E76F006499DA /* Alcoholic */;
			targetProxy = 93342A902BB2E770006499DA /* PBXContainerItemProxy */;
		};
/* End PBXTargetDependency section */

/* Begin XCBuildConfiguration section */
		93342A972BB2E770006499DA /* Debug */ = {
			isa = XCBuildConfiguration;
			buildSettings = {
				ALWAYS_SEARCH_USER_PATHS = NO;
				ASSETCATALOG_COMPILER_GENERATE_SWIFT_ASSET_SYMBOL_EXTENSIONS = YES;
				CLANG_ANALYZER_NONNULL = YES;
				CLANG_ANALYZER_NUMBER_OBJECT_CONVERSION = YES_AGGRESSIVE;
				CLANG_CXX_LANGUAGE_STANDARD = "gnu++20";
				CLANG_ENABLE_MODULES = YES;
				CLANG_ENABLE_OBJC_ARC = YES;
				CLANG_ENABLE_OBJC_WEAK = YES;
				CLANG_WARN_BLOCK_CAPTURE_AUTORELEASING = YES;
				CLANG_WARN_BOOL_CONVERSION = YES;
				CLANG_WARN_COMMA = YES;
				CLANG_WARN_CONSTANT_CONVERSION = YES;
				CLANG_WARN_DEPRECATED_OBJC_IMPLEMENTATIONS = YES;
				CLANG_WARN_DIRECT_OBJC_ISA_USAGE = YES_ERROR;
				CLANG_WARN_DOCUMENTATION_COMMENTS = YES;
				CLANG_WARN_EMPTY_BODY = YES;
				CLANG_WARN_ENUM_CONVERSION = YES;
				CLANG_WARN_INFINITE_RECURSION = YES;
				CLANG_WARN_INT_CONVERSION = YES;
				CLANG_WARN_NON_LITERAL_NULL_CONVERSION = YES;
				CLANG_WARN_OBJC_IMPLICIT_RETAIN_SELF = YES;
				CLANG_WARN_OBJC_LITERAL_CONVERSION = YES;
				CLANG_WARN_OBJC_ROOT_CLASS = YES_ERROR;
				CLANG_WARN_QUOTED_INCLUDE_IN_FRAMEWORK_HEADER = YES;
				CLANG_WARN_RANGE_LOOP_ANALYSIS = YES;
				CLANG_WARN_STRICT_PROTOTYPES = YES;
				CLANG_WARN_SUSPICIOUS_MOVE = YES;
				CLANG_WARN_UNGUARDED_AVAILABILITY = YES_AGGRESSIVE;
				CLANG_WARN_UNREACHABLE_CODE = YES;
				CLANG_WARN__DUPLICATE_METHOD_MATCH = YES;
				COPY_PHASE_STRIP = NO;
				DEBUG_INFORMATION_FORMAT = dwarf;
				ENABLE_STRICT_OBJC_MSGSEND = YES;
				ENABLE_TESTABILITY = YES;
				ENABLE_USER_SCRIPT_SANDBOXING = YES;
				GCC_C_LANGUAGE_STANDARD = gnu17;
				GCC_DYNAMIC_NO_PIC = NO;
				GCC_NO_COMMON_BLOCKS = YES;
				GCC_OPTIMIZATION_LEVEL = 0;
				GCC_PREPROCESSOR_DEFINITIONS = (
					"DEBUG=1",
					"$(inherited)",
				);
				GCC_WARN_64_TO_32_BIT_CONVERSION = YES;
				GCC_WARN_ABOUT_RETURN_TYPE = YES_ERROR;
				GCC_WARN_UNDECLARED_SELECTOR = YES;
				GCC_WARN_UNINITIALIZED_AUTOS = YES_AGGRESSIVE;
				GCC_WARN_UNUSED_FUNCTION = YES;
				GCC_WARN_UNUSED_VARIABLE = YES;
				LOCALIZATION_PREFERS_STRING_CATALOGS = YES;
				MTL_ENABLE_DEBUG_INFO = INCLUDE_SOURCE;
				MTL_FAST_MATH = YES;
				ONLY_ACTIVE_ARCH = YES;
				SWIFT_ACTIVE_COMPILATION_CONDITIONS = "DEBUG $(inherited)";
				SWIFT_OPTIMIZATION_LEVEL = "-Onone";
			};
			name = Debug;
		};
		93342A982BB2E770006499DA /* Release */ = {
			isa = XCBuildConfiguration;
			buildSettings = {
				ALWAYS_SEARCH_USER_PATHS = NO;
				ASSETCATALOG_COMPILER_GENERATE_SWIFT_ASSET_SYMBOL_EXTENSIONS = YES;
				CLANG_ANALYZER_NONNULL = YES;
				CLANG_ANALYZER_NUMBER_OBJECT_CONVERSION = YES_AGGRESSIVE;
				CLANG_CXX_LANGUAGE_STANDARD = "gnu++20";
				CLANG_ENABLE_MODULES = YES;
				CLANG_ENABLE_OBJC_ARC = YES;
				CLANG_ENABLE_OBJC_WEAK = YES;
				CLANG_WARN_BLOCK_CAPTURE_AUTORELEASING = YES;
				CLANG_WARN_BOOL_CONVERSION = YES;
				CLANG_WARN_COMMA = YES;
				CLANG_WARN_CONSTANT_CONVERSION = YES;
				CLANG_WARN_DEPRECATED_OBJC_IMPLEMENTATIONS = YES;
				CLANG_WARN_DIRECT_OBJC_ISA_USAGE = YES_ERROR;
				CLANG_WARN_DOCUMENTATION_COMMENTS = YES;
				CLANG_WARN_EMPTY_BODY = YES;
				CLANG_WARN_ENUM_CONVERSION = YES;
				CLANG_WARN_INFINITE_RECURSION = YES;
				CLANG_WARN_INT_CONVERSION = YES;
				CLANG_WARN_NON_LITERAL_NULL_CONVERSION = YES;
				CLANG_WARN_OBJC_IMPLICIT_RETAIN_SELF = YES;
				CLANG_WARN_OBJC_LITERAL_CONVERSION = YES;
				CLANG_WARN_OBJC_ROOT_CLASS = YES_ERROR;
				CLANG_WARN_QUOTED_INCLUDE_IN_FRAMEWORK_HEADER = YES;
				CLANG_WARN_RANGE_LOOP_ANALYSIS = YES;
				CLANG_WARN_STRICT_PROTOTYPES = YES;
				CLANG_WARN_SUSPICIOUS_MOVE = YES;
				CLANG_WARN_UNGUARDED_AVAILABILITY = YES_AGGRESSIVE;
				CLANG_WARN_UNREACHABLE_CODE = YES;
				CLANG_WARN__DUPLICATE_METHOD_MATCH = YES;
				COPY_PHASE_STRIP = NO;
				DEBUG_INFORMATION_FORMAT = "dwarf-with-dsym";
				ENABLE_NS_ASSERTIONS = NO;
				ENABLE_STRICT_OBJC_MSGSEND = YES;
				ENABLE_USER_SCRIPT_SANDBOXING = YES;
				GCC_C_LANGUAGE_STANDARD = gnu17;
				GCC_NO_COMMON_BLOCKS = YES;
				GCC_WARN_64_TO_32_BIT_CONVERSION = YES;
				GCC_WARN_ABOUT_RETURN_TYPE = YES_ERROR;
				GCC_WARN_UNDECLARED_SELECTOR = YES;
				GCC_WARN_UNINITIALIZED_AUTOS = YES_AGGRESSIVE;
				GCC_WARN_UNUSED_FUNCTION = YES;
				GCC_WARN_UNUSED_VARIABLE = YES;
				LOCALIZATION_PREFERS_STRING_CATALOGS = YES;
				MTL_ENABLE_DEBUG_INFO = NO;
				MTL_FAST_MATH = YES;
				SWIFT_COMPILATION_MODE = wholemodule;
			};
			name = Release;
		};
		93342A9A2BB2E770006499DA /* Debug */ = {
			isa = XCBuildConfiguration;
			buildSettings = {
				ASSETCATALOG_COMPILER_APPICON_NAME = AppIcon;
				ASSETCATALOG_COMPILER_GLOBAL_ACCENT_COLOR_NAME = AccentColor;
				CODE_SIGN_ENTITLEMENTS = Alcoholic/Alcoholic.entitlements;
				CODE_SIGN_STYLE = Automatic;
				CURRENT_PROJECT_VERSION = 1;
				DEVELOPMENT_ASSET_PATHS = "\"Alcoholic/Preview Content\"";
				DEVELOPMENT_TEAM = 78N9H93U2R;
				ENABLE_HARDENED_RUNTIME = YES;
				ENABLE_PREVIEWS = YES;
				GENERATE_INFOPLIST_FILE = YES;
				"INFOPLIST_KEY_UIApplicationSceneManifest_Generation[sdk=iphoneos*]" = YES;
				"INFOPLIST_KEY_UIApplicationSceneManifest_Generation[sdk=iphonesimulator*]" = YES;
				"INFOPLIST_KEY_UIApplicationSupportsIndirectInputEvents[sdk=iphoneos*]" = YES;
				"INFOPLIST_KEY_UIApplicationSupportsIndirectInputEvents[sdk=iphonesimulator*]" = YES;
				"INFOPLIST_KEY_UILaunchScreen_Generation[sdk=iphoneos*]" = YES;
				"INFOPLIST_KEY_UILaunchScreen_Generation[sdk=iphonesimulator*]" = YES;
				"INFOPLIST_KEY_UIStatusBarStyle[sdk=iphoneos*]" = UIStatusBarStyleDefault;
				"INFOPLIST_KEY_UIStatusBarStyle[sdk=iphonesimulator*]" = UIStatusBarStyleDefault;
				INFOPLIST_KEY_UISupportedInterfaceOrientations_iPad = "UIInterfaceOrientationPortrait UIInterfaceOrientationPortraitUpsideDown UIInterfaceOrientationLandscapeLeft UIInterfaceOrientationLandscapeRight";
				INFOPLIST_KEY_UISupportedInterfaceOrientations_iPhone = "UIInterfaceOrientationPortrait UIInterfaceOrientationLandscapeLeft UIInterfaceOrientationLandscapeRight";
				IPHONEOS_DEPLOYMENT_TARGET = 17.0;
				LD_RUNPATH_SEARCH_PATHS = "@executable_path/Frameworks";
				"LD_RUNPATH_SEARCH_PATHS[sdk=macosx*]" = "@executable_path/../Frameworks";
				MACOSX_DEPLOYMENT_TARGET = 14.0;
				MARKETING_VERSION = 1.0;
				PRODUCT_BUNDLE_IDENTIFIER = com.iam.Alcoholic;
				PRODUCT_NAME = "$(TARGET_NAME)";
				SDKROOT = auto;
				SUPPORTED_PLATFORMS = "iphoneos iphonesimulator macosx";
				SWIFT_EMIT_LOC_STRINGS = YES;
				SWIFT_VERSION = 5.0;
				TARGETED_DEVICE_FAMILY = "1,2";
			};
			name = Debug;
		};
		93342A9B2BB2E770006499DA /* Release */ = {
			isa = XCBuildConfiguration;
			buildSettings = {
				ASSETCATALOG_COMPILER_APPICON_NAME = AppIcon;
				ASSETCATALOG_COMPILER_GLOBAL_ACCENT_COLOR_NAME = AccentColor;
				CODE_SIGN_ENTITLEMENTS = Alcoholic/Alcoholic.entitlements;
				CODE_SIGN_STYLE = Automatic;
				CURRENT_PROJECT_VERSION = 1;
				DEVELOPMENT_ASSET_PATHS = "\"Alcoholic/Preview Content\"";
				DEVELOPMENT_TEAM = 78N9H93U2R;
				ENABLE_HARDENED_RUNTIME = YES;
				ENABLE_PREVIEWS = YES;
				GENERATE_INFOPLIST_FILE = YES;
				"INFOPLIST_KEY_UIApplicationSceneManifest_Generation[sdk=iphoneos*]" = YES;
				"INFOPLIST_KEY_UIApplicationSceneManifest_Generation[sdk=iphonesimulator*]" = YES;
				"INFOPLIST_KEY_UIApplicationSupportsIndirectInputEvents[sdk=iphoneos*]" = YES;
				"INFOPLIST_KEY_UIApplicationSupportsIndirectInputEvents[sdk=iphonesimulator*]" = YES;
				"INFOPLIST_KEY_UILaunchScreen_Generation[sdk=iphoneos*]" = YES;
				"INFOPLIST_KEY_UILaunchScreen_Generation[sdk=iphonesimulator*]" = YES;
				"INFOPLIST_KEY_UIStatusBarStyle[sdk=iphoneos*]" = UIStatusBarStyleDefault;
				"INFOPLIST_KEY_UIStatusBarStyle[sdk=iphonesimulator*]" = UIStatusBarStyleDefault;
				INFOPLIST_KEY_UISupportedInterfaceOrientations_iPad = "UIInterfaceOrientationPortrait UIInterfaceOrientationPortraitUpsideDown UIInterfaceOrientationLandscapeLeft UIInterfaceOrientationLandscapeRight";
				INFOPLIST_KEY_UISupportedInterfaceOrientations_iPhone = "UIInterfaceOrientationPortrait UIInterfaceOrientationLandscapeLeft UIInterfaceOrientationLandscapeRight";
				IPHONEOS_DEPLOYMENT_TARGET = 17.0;
				LD_RUNPATH_SEARCH_PATHS = "@executable_path/Frameworks";
				"LD_RUNPATH_SEARCH_PATHS[sdk=macosx*]" = "@executable_path/../Frameworks";
				MACOSX_DEPLOYMENT_TARGET = 14.0;
				MARKETING_VERSION = 1.0;
				PRODUCT_BUNDLE_IDENTIFIER = com.iam.Alcoholic;
				PRODUCT_NAME = "$(TARGET_NAME)";
				SDKROOT = auto;
				SUPPORTED_PLATFORMS = "iphoneos iphonesimulator macosx";
				SWIFT_EMIT_LOC_STRINGS = YES;
				SWIFT_VERSION = 5.0;
				TARGETED_DEVICE_FAMILY = "1,2";
			};
			name = Release;
		};
		93342A9D2BB2E770006499DA /* Debug */ = {
			isa = XCBuildConfiguration;
			buildSettings = {
				ALWAYS_EMBED_SWIFT_STANDARD_LIBRARIES = YES;
				BUNDLE_LOADER = "$(TEST_HOST)";
				CODE_SIGN_STYLE = Automatic;
				CURRENT_PROJECT_VERSION = 1;
				DEVELOPMENT_TEAM = 78N9H93U2R;
				GENERATE_INFOPLIST_FILE = YES;
				IPHONEOS_DEPLOYMENT_TARGET = 17.0;
				MACOSX_DEPLOYMENT_TARGET = 14.0;
				MARKETING_VERSION = 1.0;
				PRODUCT_BUNDLE_IDENTIFIER = com.iam.AlcoholicTests;
				PRODUCT_NAME = "$(TARGET_NAME)";
				SDKROOT = auto;
				SUPPORTED_PLATFORMS = "iphoneos iphonesimulator macosx";
				SWIFT_EMIT_LOC_STRINGS = NO;
				SWIFT_VERSION = 5.0;
				TARGETED_DEVICE_FAMILY = "1,2";
				TEST_HOST = "$(BUILT_PRODUCTS_DIR)/Alcoholic.app/$(BUNDLE_EXECUTABLE_FOLDER_PATH)/Alcoholic";
			};
			name = Debug;
		};
		93342A9E2BB2E770006499DA /* Release */ = {
			isa = XCBuildConfiguration;
			buildSettings = {
				ALWAYS_EMBED_SWIFT_STANDARD_LIBRARIES = YES;
				BUNDLE_LOADER = "$(TEST_HOST)";
				CODE_SIGN_STYLE = Automatic;
				CURRENT_PROJECT_VERSION = 1;
				DEVELOPMENT_TEAM = 78N9H93U2R;
				GENERATE_INFOPLIST_FILE = YES;
				IPHONEOS_DEPLOYMENT_TARGET = 17.0;
				MACOSX_DEPLOYMENT_TARGET = 14.0;
				MARKETING_VERSION = 1.0;
				PRODUCT_BUNDLE_IDENTIFIER = com.iam.AlcoholicTests;
				PRODUCT_NAME = "$(TARGET_NAME)";
				SDKROOT = auto;
				SUPPORTED_PLATFORMS = "iphoneos iphonesimulator macosx";
				SWIFT_EMIT_LOC_STRINGS = NO;
				SWIFT_VERSION = 5.0;
				TARGETED_DEVICE_FAMILY = "1,2";
				TEST_HOST = "$(BUILT_PRODUCTS_DIR)/Alcoholic.app/$(BUNDLE_EXECUTABLE_FOLDER_PATH)/Alcoholic";
			};
			name = Release;
		};
		93342AA02BB2E770006499DA /* Debug */ = {
			isa = XCBuildConfiguration;
			buildSettings = {
				ALWAYS_EMBED_SWIFT_STANDARD_LIBRARIES = YES;
				CODE_SIGN_STYLE = Automatic;
				CURRENT_PROJECT_VERSION = 1;
				DEVELOPMENT_TEAM = 78N9H93U2R;
				GENERATE_INFOPLIST_FILE = YES;
				IPHONEOS_DEPLOYMENT_TARGET = 17.0;
				MACOSX_DEPLOYMENT_TARGET = 14.0;
				MARKETING_VERSION = 1.0;
				PRODUCT_BUNDLE_IDENTIFIER = com.iam.AlcoholicUITests;
				PRODUCT_NAME = "$(TARGET_NAME)";
				SDKROOT = auto;
				SUPPORTED_PLATFORMS = "iphoneos iphonesimulator macosx";
				SWIFT_EMIT_LOC_STRINGS = NO;
				SWIFT_VERSION = 5.0;
				TARGETED_DEVICE_FAMILY = "1,2";
				TEST_TARGET_NAME = Alcoholic;
			};
			name = Debug;
		};
		93342AA12BB2E770006499DA /* Release */ = {
			isa = XCBuildConfiguration;
			buildSettings = {
				ALWAYS_EMBED_SWIFT_STANDARD_LIBRARIES = YES;
				CODE_SIGN_STYLE = Automatic;
				CURRENT_PROJECT_VERSION = 1;
				DEVELOPMENT_TEAM = 78N9H93U2R;
				GENERATE_INFOPLIST_FILE = YES;
				IPHONEOS_DEPLOYMENT_TARGET = 17.0;
				MACOSX_DEPLOYMENT_TARGET = 14.0;
				MARKETING_VERSION = 1.0;
				PRODUCT_BUNDLE_IDENTIFIER = com.iam.AlcoholicUITests;
				PRODUCT_NAME = "$(TARGET_NAME)";
				SDKROOT = auto;
				SUPPORTED_PLATFORMS = "iphoneos iphonesimulator macosx";
				SWIFT_EMIT_LOC_STRINGS = NO;
				SWIFT_VERSION = 5.0;
				TARGETED_DEVICE_FAMILY = "1,2";
				TEST_TARGET_NAME = Alcoholic;
			};
			name = Release;
		};
/* End XCBuildConfiguration section */

/* Begin XCConfigurationList section */
		93342A6A2BB2E76F006499DA /* Build configuration list for PBXProject "Alcoholic" */ = {
			isa = XCConfigurationList;
			buildConfigurations = (
				93342A972BB2E770006499DA /* Debug */,
				93342A982BB2E770006499DA /* Release */,
			);
			defaultConfigurationIsVisible = 0;
			defaultConfigurationName = Release;
		};
		93342A992BB2E770006499DA /* Build configuration list for PBXNativeTarget "Alcoholic" */ = {
			isa = XCConfigurationList;
			buildConfigurations = (
				93342A9A2BB2E770006499DA /* Debug */,
				93342A9B2BB2E770006499DA /* Release */,
			);
			defaultConfigurationIsVisible = 0;
			defaultConfigurationName = Release;
		};
		93342A9C2BB2E770006499DA /* Build configuration list for PBXNativeTarget "AlcoholicTests" */ = {
			isa = XCConfigurationList;
			buildConfigurations = (
				93342A9D2BB2E770006499DA /* Debug */,
				93342A9E2BB2E770006499DA /* Release */,
			);
			defaultConfigurationIsVisible = 0;
			defaultConfigurationName = Release;
		};
		93342A9F2BB2E770006499DA /* Build configuration list for PBXNativeTarget "AlcoholicUITests" */ = {
			isa = XCConfigurationList;
			buildConfigurations = (
				93342AA02BB2E770006499DA /* Debug */,
				93342AA12BB2E770006499DA /* Release */,
			);
			defaultConfigurationIsVisible = 0;
			defaultConfigurationName = Release;
		};
/* End XCConfigurationList section */

/* Begin XCVersionGroup section */
		93342A762BB2E76F006499DA /* Alcoholic.xcdatamodeld */ = {
			isa = XCVersionGroup;
			children = (
				93342A772BB2E76F006499DA /* Alcoholic.xcdatamodel */,
			);
			currentVersion = 93342A772BB2E76F006499DA /* Alcoholic.xcdatamodel */;
			path = Alcoholic.xcdatamodeld;
			sourceTree = "<group>";
			versionGroupType = wrapper.xcdatamodel;
		};
/* End XCVersionGroup section */
	};
	rootObject = 93342A672BB2E76F006499DA /* Project object */;
}
